
Microsoft Visual Studio Solution File, Format Version 12.00
# Visual Studio Version 16
VisualStudioVersion = 16.0.31205.134
MinimumVisualStudioVersion = 10.0.40219.1
Project("{9A19103F-16F7-4668-BE54-9A1E7A4F7556}") = "WaffleDB", "WaffleDB\WaffleDB.csproj", "{CDFF6CA5-B28D-49AB-93E7-574BE157EDA4}"
EndProject
Project("{FAE04EC0-301F-11D3-BF4B-00C04F79EFBC}") = "WaffleDBAPI", "WaffleDBAPI\WaffleDBAPI.csproj", "{88FFB128-CE2F-4EDC-A950-76E7CE8A030B}"
EndProject
Project("{FAE04EC0-301F-11D3-BF4B-00C04F79EFBC}") = "WaffleDBAPITest", "WaffleDBAPITest\WaffleDBAPITest.csproj", "{3DD97DCC-D1EF-4E33-8C7F-91B9939E3101}"
EndProject
Global
	GlobalSection(SolutionConfigurationPlatforms) = preSolution
		Debug|Any CPU = Debug|Any CPU
		Release|Any CPU = Release|Any CPU
	EndGlobalSection
	GlobalSection(ProjectConfigurationPlatforms) = postSolution
		{CDFF6CA5-B28D-49AB-93E7-574BE157EDA4}.Debug|Any CPU.ActiveCfg = Debug|Any CPU
		{CDFF6CA5-B28D-49AB-93E7-574BE157EDA4}.Debug|Any CPU.Build.0 = Debug|Any CPU
		{CDFF6CA5-B28D-49AB-93E7-574BE157EDA4}.Release|Any CPU.ActiveCfg = Release|Any CPU
		{CDFF6CA5-B28D-49AB-93E7-574BE157EDA4}.Release|Any CPU.Build.0 = Release|Any CPU
		{88FFB128-CE2F-4EDC-A950-76E7CE8A030B}.Debug|Any CPU.ActiveCfg = Debug|Any CPU
		{88FFB128-CE2F-4EDC-A950-76E7CE8A030B}.Debug|Any CPU.Build.0 = Debug|Any CPU
		{88FFB128-CE2F-4EDC-A950-76E7CE8A030B}.Release|Any CPU.ActiveCfg = Release|Any CPU
		{88FFB128-CE2F-4EDC-A950-76E7CE8A030B}.Release|Any CPU.Build.0 = Release|Any CPU
		{3DD97DCC-D1EF-4E33-8C7F-91B9939E3101}.Debug|Any CPU.ActiveCfg = Debug|Any CPU
		{3DD97DCC-D1EF-4E33-8C7F-91B9939E3101}.Debug|Any CPU.Build.0 = Debug|Any CPU
		{3DD97DCC-D1EF-4E33-8C7F-91B9939E3101}.Release|Any CPU.ActiveCfg = Release|Any CPU
		{3DD97DCC-D1EF-4E33-8C7F-91B9939E3101}.Release|Any CPU.Build.0 = Release|Any CPU
	EndGlobalSection
	GlobalSection(SolutionProperties) = preSolution
		HideSolutionNode = FALSE
	EndGlobalSection
	GlobalSection(ExtensibilityGlobals) = postSolution
		SolutionGuid = {B0004FC1-591D-418E-AAE7-5923A9CCC26C}
	EndGlobalSection
EndGlobal
